{
  "name": "@anontown/api-client",
  "version": "1.0.7",
  "lockfileVersion": 1,
  "dependencies": {
    "@anontown/api-types": {
      "version": "1.1.1",
      "resolved": "https://registry.npmjs.org/@anontown/api-types/-/api-types-1.1.1.tgz",
      "integrity": "sha512-jNTLflbCkG9LT/wwsVbz8l8hhxSAURa2Ww2y2pQN58qFfsMWMrnli3bgSDRKeG+rtnPtZGr7xgiYUjZRIArgGQ=="
    },
    "rxjs": {
      "version": "5.4.3",
      "resolved": "https://registry.npmjs.org/rxjs/-/rxjs-5.4.3.tgz",
      "integrity": "sha512-fSNi+y+P9ss+EZuV0GcIIqPUK07DEaMRUtLJvdcvMyFjc9dizuDjere+A4V7JrLGnm9iCc+nagV/4QdMTkqC4A=="
    },
    "symbol-observable": {
      "version": "1.0.4",
      "resolved": "https://registry.npmjs.org/symbol-observable/-/symbol-observable-1.0.4.tgz",
      "integrity": "sha1-Kb9hXUqnEhvdiYsi1LP5vE4qoD0="
    },
    "typescript": {
      "version": "2.5.2",
      "resolved": "https://registry.npmjs.org/typescript/-/typescript-2.5.2.tgz",
      "integrity": "sha1-A4qV99m7tCCxvzW6MdTFwd0//jQ=",
      "dev": true
    }
  }
}
